
Microsoft Visual Studio Solution File, Format Version 12.00
# Visual Studio 15
VisualStudioVersion = 15.0.28010.2026
MinimumVisualStudioVersion = 10.0.40219.1
Project("{FAE04EC0-301F-11D3-BF4B-00C04F79EFBC}") = "lab4", "lab4\lab4.csproj", "{7D89F2F1-C03A-49F5-AD3B-AC5DDCD9D517}"
EndProject
Global
	GlobalSection(SolutionConfigurationPlatforms) = preSolution
		Debug|Any CPU = Debug|Any CPU
		Release|Any CPU = Release|Any CPU
	EndGlobalSection
	GlobalSection(ProjectConfigurationPlatforms) = postSolution
		{7D89F2F1-C03A-49F5-AD3B-AC5DDCD9D517}.Debug|Any CPU.ActiveCfg = Debug|Any CPU
		{7D89F2F1-C03A-49F5-AD3B-AC5DDCD9D517}.Debug|Any CPU.Build.0 = Debug|Any CPU
		{7D89F2F1-C03A-49F5-AD3B-AC5DDCD9D517}.Release|Any CPU.ActiveCfg = Release|Any CPU
		{7D89F2F1-C03A-49F5-AD3B-AC5DDCD9D517}.Release|Any CPU.Build.0 = Release|Any CPU
	EndGlobalSection
	GlobalSection(SolutionProperties) = preSolution
		HideSolutionNode = FALSE
	EndGlobalSection
	GlobalSection(ExtensibilityGlobals) = postSolution
		SolutionGuid = {4C73B28F-4106-4444-968D-E37D34252E33}
	EndGlobalSection
EndGlobal
