
Microsoft Visual Studio Solution File, Format Version 12.00
# Visual Studio 15
VisualStudioVersion = 15.0.28010.2026
MinimumVisualStudioVersion = 10.0.40219.1
Project("{FAE04EC0-301F-11D3-BF4B-00C04F79EFBC}") = "Task2", "Task2\Task2.csproj", "{0A777B24-D053-407D-A319-FE3A4B891A72}"
EndProject
Global
	GlobalSection(SolutionConfigurationPlatforms) = preSolution
		Debug|Any CPU = Debug|Any CPU
		Release|Any CPU = Release|Any CPU
	EndGlobalSection
	GlobalSection(ProjectConfigurationPlatforms) = postSolution
		{0A777B24-D053-407D-A319-FE3A4B891A72}.Debug|Any CPU.ActiveCfg = Debug|Any CPU
		{0A777B24-D053-407D-A319-FE3A4B891A72}.Debug|Any CPU.Build.0 = Debug|Any CPU
		{0A777B24-D053-407D-A319-FE3A4B891A72}.Release|Any CPU.ActiveCfg = Release|Any CPU
		{0A777B24-D053-407D-A319-FE3A4B891A72}.Release|Any CPU.Build.0 = Release|Any CPU
	EndGlobalSection
	GlobalSection(SolutionProperties) = preSolution
		HideSolutionNode = FALSE
	EndGlobalSection
	GlobalSection(ExtensibilityGlobals) = postSolution
		SolutionGuid = {4DE6D44A-722B-4A18-92F9-F87F3585326D}
	EndGlobalSection
EndGlobal
